{
    "name": "angular-drag-and-drop-lists",
    "version": "2.1.0",
    "lockfileVersion": 1,
    "dependencies": {
        "abbrev": {
            "version": "1.1.1",
            "resolved": "https://registry.npmjs.org/abbrev/-/abbrev-1.1.1.tgz",
            "integrity": "sha512-nne9/IiQ/hzIhY6pdDnbBtz7DjPTKrY00P/zvPSm5pOFkl6xuGrGnXn/VtTNNfNtAfZ9/1RtehkszU9qcTii0Q==",
            "dev": true
        },
        "align-text": {
            "version": "0.1.4",
            "resolved": "https://registry.npmjs.org/align-text/-/align-text-0.1.4.tgz",
            "integrity": "sha1-DNkKVhCT810KmSVsIrcGlDP60Rc=",
            "dev": true
        },
        "angular": {
            "version": "1.4.14",
            "resolved": "https://registry.npmjs.org/angular/-/angular-1.4.14.tgz",
            "integrity": "sha1-nQ/q9gzm5SzlD0nuMoZW0eGHXDc=",
            "dev": true
        },
        "angular-mocks": {
            "version": "1.4.14",
            "resolved": "https://registry.npmjs.org/angular-mocks/-/angular-mocks-1.4.14.tgz",
            "integrity": "sha1-6hLscKUidpfnlXVSOrvsDg+RaKc=",
            "dev": true
        },
        "balanced-match": {
            "version": "1.0.0",
            "resolved": "https://registry.npmjs.org/balanced-match/-/balanced-match-1.0.0.tgz",
            "integrity": "sha1-ibTRmasr7kneFk6gK4nORi1xt2c=",
            "dev": true
        },
        "brace-expansion": {
            "version": "1.1.8",
            "resolved": "https://registry.npmjs.org/brace-expansion/-/brace-expansion-1.1.8.tgz",
            "integrity": "sha1-wHshHHyVLsH479Uad+8NHTmQopI=",
            "dev": true
        },
        "camelcase": {
            "version": "1.2.1",
            "resolved": "https://registry.npmjs.org/camelcase/-/camelcase-1.2.1.tgz",
            "integrity": "sha1-m7UwTS4LVmmLLHWLCKPqqdqlijk=",
            "dev": true
        },
        "center-align": {
            "version": "0.1.3",
            "resolved": "https://registry.npmjs.org/center-align/-/center-align-0.1.3.tgz",
            "integrity": "sha1-qg0yYptu6XIgBBHL1EYckHvCt60=",
            "dev": true
        },
        "cliui": {
            "version": "2.1.0",
            "resolved": "https://registry.npmjs.org/cliui/-/cliui-2.1.0.tgz",
            "integrity": "sha1-S0dXYP+AJkx2LDoXGQMukcf+oNE=",
            "dev": true,
            "dependencies": {
                "wordwrap": {
                    "version": "0.0.2",
                    "resolved": "https://registry.npmjs.org/wordwrap/-/wordwrap-0.0.2.tgz",
                    "integrity": "sha1-t5Zpu0LstAn4PVg8rVLKF+qhZD8=",
                    "dev": true
                }
            }
        },
        "colors": {
            "version": "0.6.2",
            "resolved": "https://registry.npmjs.org/colors/-/colors-0.6.2.tgz",
            "integrity": "sha1-JCP+ZnisDF2uiFLl0OW+CMmXq8w=",
            "dev": true
        },
        "commander": {
            "version": "2.12.2",
            "resolved": "https://registry.npmjs.org/commander/-/commander-2.12.2.tgz",
            "integrity": "sha512-BFnaq5ZOGcDN7FlrtBT4xxkgIToalIIxwjxLWVJ8bGTpe1LroqMiqQXdA7ygc7CRvaYS+9zfPGFnJqFSayx+AA==",
            "dev": true
        },
        "concat-map": {
            "version": "0.0.1",
            "resolved": "https://registry.npmjs.org/concat-map/-/concat-map-0.0.1.tgz",
            "integrity": "sha1-2Klr13/Wjfd5OnMDajug1UBdR3s=",
            "dev": true
        },
        "css-resolve-import": {
            "version": "0.1.2",
            "resolved": "https://registry.npmjs.org/css-resolve-import/-/css-resolve-import-0.1.2.tgz",
            "integrity": "sha1-/20orEoXXJ1XrbnSzm2m+Rah1TU=",
            "dev": true
        },
        "decamelize": {
            "version": "1.2.0",
            "resolved": "https://registry.npmjs.org/decamelize/-/decamelize-1.2.0.tgz",
            "integrity": "sha1-9lNNFRSCabIDUue+4m9QH5oZEpA=",
            "dev": true
        },
        "ecstatic": {
            "version": "0.4.13",
            "resolved": "https://registry.npmjs.org/ecstatic/-/ecstatic-0.4.13.tgz",
            "integrity": "sha1-nLbq/+IRuchO+z9VPN4sMAJxeyk=",
            "dev": true,
            "dependencies": {
                "optimist": {
                    "version": "0.3.7",
                    "resolved": "https://registry.npmjs.org/optimist/-/optimist-0.3.7.tgz",
                    "integrity": "sha1-yQlBrVnkJzMokjB00s8ufLxuwNk=",
                    "dev": true
                }
            }
        },
        "ent": {
            "version": "0.0.7",
            "resolved": "https://registry.npmjs.org/ent/-/ent-0.0.7.tgz",
            "integrity": "sha1-g11Of556jUkhxpLpAQ7JdtpemUk=",
            "dev": true
        },
        "fmerge": {
            "version": "1.2.0",
            "resolved": "https://registry.npmjs.org/fmerge/-/fmerge-1.2.0.tgz",
            "integrity": "sha1-NumdKuJV4+4a9ma033gFU2cc9pI=",
            "dev": true
        },
        "glob": {
            "version": "5.0.15",
            "resolved": "https://registry.npmjs.org/glob/-/glob-5.0.15.tgz",
            "integrity": "sha1-G8k2ueAvSmA/zCIuz3Yz0wuLk7E=",
            "dev": true
        },
        "hogan.js": {
            "version": "3.0.2",
            "resolved": "https://registry.npmjs.org/hogan.js/-/hogan.js-3.0.2.tgz",
            "integrity": "sha1-TNnhq9QpQUbnZ55B14mHMrAse/0=",
            "dev": true,
            "dependencies": {
                "mkdirp": {
                    "version": "0.3.0",
                    "resolved": "https://registry.npmjs.org/mkdirp/-/mkdirp-0.3.0.tgz",
                    "integrity": "sha1-G79asbqCevI1dRQ0kEJkVfSB/h4=",
                    "dev": true
                }
            }
        },
        "http-server": {
            "version": "0.6.1",
            "resolved": "https://registry.npmjs.org/http-server/-/http-server-0.6.1.tgz",
            "integrity": "sha1-BvzmXPK9QTKleL2sYv+suX1hOYE=",
            "dev": true
        },
        "inflight": {
            "version": "1.0.6",
            "resolved": "https://registry.npmjs.org/inflight/-/inflight-1.0.6.tgz",
            "integrity": "sha1-Sb1jMdfQLQwJvJEKEHW6gWW1bfk=",
            "dev": true
        },
        "inherits": {
            "version": "2.0.3",
            "resolved": "https://registry.npmjs.org/inherits/-/inherits-2.0.3.tgz",
            "integrity": "sha1-Yzwsg+PaQqUC9SRmAiSA9CCCYd4=",
            "dev": true
        },
        "is-buffer": {
            "version": "1.1.6",
            "resolved": "https://registry.npmjs.org/is-buffer/-/is-buffer-1.1.6.tgz",
            "integrity": "sha512-NcdALwpXkTm5Zvvbk7owOUSvVvBKDgKP5/ewfXEznmQFfs4ZRmanOeKBTjRVjka3QFoN6XJ+9F3USqfHqTaU5w==",
            "dev": true
        },
        "jasmine-core": {
            "version": "2.4.1",
            "resolved": "https://registry.npmjs.org/jasmine-core/-/jasmine-core-2.4.1.tgz",
            "integrity": "sha1-b4OrOg8WlRcizgfSBsdz1XzIOL4=",
            "dev": true
        },
        "jquery": {
            "version": "2.2.4",
            "resolved": "https://registry.npmjs.org/jquery/-/jquery-2.2.4.tgz",
            "integrity": "sha1-LInWiJterFIqfuoywUUhVZxsvwI=",
            "dev": true
        },
        "kind-of": {
            "version": "3.2.2",
            "resolved": "https://registry.npmjs.org/kind-of/-/kind-of-3.2.2.tgz",
            "integrity": "sha1-MeohpzS6ubuw8yRm2JOupR5KPGQ=",
            "dev": true
        },
        "lazy-cache": {
            "version": "1.0.4",
            "resolved": "https://registry.npmjs.org/lazy-cache/-/lazy-cache-1.0.4.tgz",
            "integrity": "sha1-odePw6UEdMuAhF07O24dpJpEbo4=",
            "dev": true
        },
        "longest": {
            "version": "1.0.1",
            "resolved": "https://registry.npmjs.org/longest/-/longest-1.0.1.tgz",
            "integrity": "sha1-MKCy2jj3N3DoKUoNIuZiXtd9AJc=",
            "dev": true
        },
        "mime": {
            "version": "1.2.11",
            "resolved": "https://registry.npmjs.org/mime/-/mime-1.2.11.tgz",
            "integrity": "sha1-WCA+7Ybjpe8XrtK32evUfwpg3RA=",
            "dev": true
        },
        "minifier": {
            "version": "0.7.1",
            "resolved": "https://registry.npmjs.org/minifier/-/minifier-0.7.1.tgz",
            "integrity": "sha1-xeTZjLFbnIAsuej78gfVIM0QcQU=",
            "dev": true
        },
        "minimatch": {
            "version": "3.0.4",
            "resolved": "https://registry.npmjs.org/minimatch/-/minimatch-3.0.4.tgz",
            "integrity": "sha512-yJHVQEhyqPLUTgt9B83PXu6W3rx4MvvHvSUvToogpwoGDOUQ+yDrR0HRot+yOCdCO7u4hX3pWft6kWBBcqh0UA==",
            "dev": true
        },
        "mkdirp": {
            "version": "0.0.7",
            "resolved": "https://registry.npmjs.org/mkdirp/-/mkdirp-0.0.7.tgz",
            "integrity": "sha1-2JtPDkw+XlylQjWTFnXglP4aUHI=",
            "dev": true
        },
        "nopt": {
            "version": "1.0.10",
            "resolved": "https://registry.npmjs.org/nopt/-/nopt-1.0.10.tgz",
            "integrity": "sha1-bd0hvSoxQXuScn3Vhfim83YI6+4=",
            "dev": true
        },
        "once": {
            "version": "1.4.0",
            "resolved": "https://registry.npmjs.org/once/-/once-1.4.0.tgz",
            "integrity": "sha1-WDsap3WWHUsROsF9nFC6753Xa9E=",
            "dev": true
        },
        "opener": {
            "version": "1.3.0",
            "resolved": "https://registry.npmjs.org/opener/-/opener-1.3.0.tgz",
            "integrity": "sha1-EwumYiE/qELttM0DYdMaFTAaQ+I=",
            "dev": true
        },
        "optimist": {
            "version": "0.5.2",
            "resolved": "https://registry.npmjs.org/optimist/-/optimist-0.5.2.tgz",
            "integrity": "sha1-hcjBRUszFeSniUfoV7HfAzRQv7w=",
            "dev": true
        },
        "path-is-absolute": {
            "version": "1.0.1",
            "resolved": "https://registry.npmjs.org/path-is-absolute/-/path-is-absolute-1.0.1.tgz",
            "integrity": "sha1-F0uSaHNVNP+8es5r9TpanhtcX18=",
            "dev": true
        },
        "pkginfo": {
            "version": "0.2.3",
            "resolved": "https://registry.npmjs.org/pkginfo/-/pkginfo-0.2.3.tgz",
            "integrity": "sha1-cjnEKl72wwuPMoQ52bn/cQQkkPg=",
            "dev": true
        },
        "portfinder": {
            "version": "0.2.1",
            "resolved": "https://registry.npmjs.org/portfinder/-/portfinder-0.2.1.tgz",
            "integrity": "sha1-srmwFk+eF/o6nH2yME0KdRQMca0=",
            "dev": true
        },
        "qs": {
            "version": "0.5.6",
            "resolved": "https://registry.npmjs.org/qs/-/qs-0.5.6.tgz",
            "integrity": "sha1-MbGtBYVnZRxSaSFQa5qHk5EaA4Q=",
            "dev": true
        },
        "repeat-string": {
            "version": "1.6.1",
            "resolved": "https://registry.npmjs.org/repeat-string/-/repeat-string-1.6.1.tgz",
            "integrity": "sha1-jcrkcOHIirwtYA//Sndihtp15jc=",
            "dev": true
        },
        "right-align": {
            "version": "0.1.3",
            "resolved": "https://registry.npmjs.org/right-align/-/right-align-0.1.3.tgz",
            "integrity": "sha1-YTObci/mo1FWiSENJOFMlhSGE+8=",
            "dev": true
        },
        "source-map": {
            "version": "0.5.7",
            "resolved": "https://registry.npmjs.org/source-map/-/source-map-0.5.7.tgz",
            "integrity": "sha1-igOdLRAh0i0eoUyA2OpGi6LvP8w=",
            "dev": true
        },
        "sqwish": {
            "version": "0.2.2",
            "resolved": "https://registry.npmjs.org/sqwish/-/sqwish-0.2.2.tgz",
            "integrity": "sha1-AP4maBBPEii1u37nOe9gEhu8sFc=",
            "dev": true
        },
        "uglify-js": {
            "version": "2.8.29",
            "resolved": "https://registry.npmjs.org/uglify-js/-/uglify-js-2.8.29.tgz",
            "integrity": "sha1-KcVzMUgFe7Th913zW3qcty5qWd0=",
            "dev": true
        },
        "uglify-to-browserify": {
            "version": "1.0.2",
            "resolved": "https://registry.npmjs.org/uglify-to-browserify/-/uglify-to-browserify-1.0.2.tgz",
            "integrity": "sha1-bgkk1r2mta/jSeOabWMoUKD4grc=",
            "dev": true,
            "optional": true
        },
        "union": {
            "version": "0.3.8",
            "resolved": "https://registry.npmjs.org/union/-/union-0.3.8.tgz",
            "integrity": "sha1-JqcCpNNSi0NYyXEcir/2zJHSQlc=",
            "dev": true
        },
        "window-size": {
            "version": "0.1.0",
            "resolved": "https://registry.npmjs.org/window-size/-/window-size-0.1.0.tgz",
            "integrity": "sha1-VDjNLqk7IC76Ohn+iIeu58lPnJ0=",
            "dev": true
        },
        "wordwrap": {
            "version": "0.0.3",
            "resolved": "https://registry.npmjs.org/wordwrap/-/wordwrap-0.0.3.tgz",
            "integrity": "sha1-o9XabNXAvAAI03I0u68b7WMFkQc=",
            "dev": true
        },
        "wrappy": {
            "version": "1.0.2",
            "resolved": "https://registry.npmjs.org/wrappy/-/wrappy-1.0.2.tgz",
            "integrity": "sha1-tSQ9jz7BqjXxNkYFvA0QNuMKtp8=",
            "dev": true
        },
        "yargs": {
            "version": "3.10.0",
            "resolved": "https://registry.npmjs.org/yargs/-/yargs-3.10.0.tgz",
            "integrity": "sha1-9+572FfdfB0tOMDnTvvWgdFDH9E=",
            "dev": true
        }
    }
}
